// !$*UTF8*$!
{
	archiveVersion = 1;
	classes = {
	};
	objectVersion = 50;
	objects = {

/* Begin PBXBuildFile section */
		82E5412A902FE4179EFB8C93 /* Pods_HideAndSeek.framework in Frameworks */ = {isa = PBXBuildFile; fileRef = 02F9DCB09D7D5C91F43AE091 /* Pods_HideAndSeek.framework */; };
		AB3E57EB2208E4CE002C3C4A /* ChooseViewController.swift in Sources */ = {isa = PBXBuildFile; fileRef = AB3E57EA2208E4CE002C3C4A /* ChooseViewController.swift */; };
		AB3E57ED220A2B64002C3C4A /* FireBaseAuthDelegate.swift in Sources */ = {isa = PBXBuildFile; fileRef = AB3E57EC220A2B64002C3C4A /* FireBaseAuthDelegate.swift */; };
		AB3E57EF220B2C8B002C3C4A /* InvitePlayersViewColler.swift in Sources */ = {isa = PBXBuildFile; fileRef = AB3E57EE220B2C8B002C3C4A /* InvitePlayersViewColler.swift */; };
		AB3E57F1220B33E8002C3C4A /* TypeCodeViewController.swift in Sources */ = {isa = PBXBuildFile; fileRef = AB3E57F0220B33E8002C3C4A /* TypeCodeViewController.swift */; };
		AB3E57F3220B39D4002C3C4A /* Errors.swift in Sources */ = {isa = PBXBuildFile; fileRef = AB3E57F2220B39D4002C3C4A /* Errors.swift */; };
		AB3E57F5220BF153002C3C4A /* FireDatabaseModel.swift in Sources */ = {isa = PBXBuildFile; fileRef = AB3E57F4220BF153002C3C4A /* FireDatabaseModel.swift */; };
		AB3E57F7220CC51A002C3C4A /* Player.swift in Sources */ = {isa = PBXBuildFile; fileRef = AB3E57F6220CC51A002C3C4A /* Player.swift */; };
		AB3E57F9220D74B2002C3C4A /* TimerViewController.swift in Sources */ = {isa = PBXBuildFile; fileRef = AB3E57F8220D74B2002C3C4A /* TimerViewController.swift */; };
		AB3E57FB220D7899002C3C4A /* Timer.swift in Sources */ = {isa = PBXBuildFile; fileRef = AB3E57FA220D7899002C3C4A /* Timer.swift */; };
		ABB1ED972208CCC200C5BE0E /* Coordinator.swift in Sources */ = {isa = PBXBuildFile; fileRef = ABB1ED962208CCC200C5BE0E /* Coordinator.swift */; };
		ABB1ED992208CD5A00C5BE0E /* Storyboarded.swift in Sources */ = {isa = PBXBuildFile; fileRef = ABB1ED982208CD5A00C5BE0E /* Storyboarded.swift */; };
		ABB1ED9B2208D1E900C5BE0E /* MainCoordinator.swift in Sources */ = {isa = PBXBuildFile; fileRef = ABB1ED9A2208D1E900C5BE0E /* MainCoordinator.swift */; };
		ABC304D422106CDF008F97FB /* SeekersViewController.swift in Sources */ = {isa = PBXBuildFile; fileRef = ABC304D322106CDF008F97FB /* SeekersViewController.swift */; };
		ABC304F722117AE9008F97FB /* HidersViewControlller.swift in Sources */ = {isa = PBXBuildFile; fileRef = ABC304F622117AE9008F97FB /* HidersViewControlller.swift */; };
		ABC304F92211854D008F97FB /* GameDate.swift in Sources */ = {isa = PBXBuildFile; fileRef = ABC304F82211854D008F97FB /* GameDate.swift */; };
		ABC304FB22132B1E008F97FB /* CodeTrimmer.swift in Sources */ = {isa = PBXBuildFile; fileRef = ABC304FA22132B1E008F97FB /* CodeTrimmer.swift */; };
		ABD000B122086A360022AA41 /* AppDelegate.swift in Sources */ = {isa = PBXBuildFile; fileRef = ABD000B022086A360022AA41 /* AppDelegate.swift */; };
		ABD000B322086A360022AA41 /* ViewController.swift in Sources */ = {isa = PBXBuildFile; fileRef = ABD000B222086A360022AA41 /* ViewController.swift */; };
		ABD000B622086A360022AA41 /* Main.storyboard in Resources */ = {isa = PBXBuildFile; fileRef = ABD000B422086A360022AA41 /* Main.storyboard */; };
		ABD000B822086A390022AA41 /* Assets.xcassets in Resources */ = {isa = PBXBuildFile; fileRef = ABD000B722086A390022AA41 /* Assets.xcassets */; };
		ABD000BB22086A390022AA41 /* LaunchScreen.storyboard in Resources */ = {isa = PBXBuildFile; fileRef = ABD000B922086A390022AA41 /* LaunchScreen.storyboard */; };
		ABD000C322086D1B0022AA41 /* GoogleService-Info.plist in Resources */ = {isa = PBXBuildFile; fileRef = ABD000C222086D1B0022AA41 /* GoogleService-Info.plist */; };
		ABF9A30C2219C8E700045592 /* LocationStorage.swift in Sources */ = {isa = PBXBuildFile; fileRef = ABF9A30B2219C8E700045592 /* LocationStorage.swift */; };
		ABF9A30E2219C92400045592 /* Location.swift in Sources */ = {isa = PBXBuildFile; fileRef = ABF9A30D2219C92400045592 /* Location.swift */; };
/* End PBXBuildFile section */

/* Begin PBXFileReference section */
		02F9DCB09D7D5C91F43AE091 /* Pods_HideAndSeek.framework */ = {isa = PBXFileReference; explicitFileType = wrapper.framework; includeInIndex = 0; path = Pods_HideAndSeek.framework; sourceTree = BUILT_PRODUCTS_DIR; };
		9CECEC06EB2AEAD6AE578714 /* Pods-HideAndSeek.release.xcconfig */ = {isa = PBXFileReference; includeInIndex = 1; lastKnownFileType = text.xcconfig; name = "Pods-HideAndSeek.release.xcconfig"; path = "Pods/Target Support Files/Pods-HideAndSeek/Pods-HideAndSeek.release.xcconfig"; sourceTree = "<group>"; };
		AB3E57EA2208E4CE002C3C4A /* ChooseViewController.swift */ = {isa = PBXFileReference; lastKnownFileType = sourcecode.swift; path = ChooseViewController.swift; sourceTree = "<group>"; };
		AB3E57EC220A2B64002C3C4A /* FireBaseAuthDelegate.swift */ = {isa = PBXFileReference; lastKnownFileType = sourcecode.swift; path = FireBaseAuthDelegate.swift; sourceTree = "<group>"; };
		AB3E57EE220B2C8B002C3C4A /* InvitePlayersViewColler.swift */ = {isa = PBXFileReference; lastKnownFileType = sourcecode.swift; path = InvitePlayersViewColler.swift; sourceTree = "<group>"; };
		AB3E57F0220B33E8002C3C4A /* TypeCodeViewController.swift */ = {isa = PBXFileReference; lastKnownFileType = sourcecode.swift; path = TypeCodeViewController.swift; sourceTree = "<group>"; };
		AB3E57F2220B39D4002C3C4A /* Errors.swift */ = {isa = PBXFileReference; lastKnownFileType = sourcecode.swift; path = Errors.swift; sourceTree = "<group>"; };
		AB3E57F4220BF153002C3C4A /* FireDatabaseModel.swift */ = {isa = PBXFileReference; lastKnownFileType = sourcecode.swift; path = FireDatabaseModel.swift; sourceTree = "<group>"; };
		AB3E57F6220CC51A002C3C4A /* Player.swift */ = {isa = PBXFileReference; lastKnownFileType = sourcecode.swift; path = Player.swift; sourceTree = "<group>"; };
		AB3E57F8220D74B2002C3C4A /* TimerViewController.swift */ = {isa = PBXFileReference; lastKnownFileType = sourcecode.swift; path = TimerViewController.swift; sourceTree = "<group>"; };
		AB3E57FA220D7899002C3C4A /* Timer.swift */ = {isa = PBXFileReference; lastKnownFileType = sourcecode.swift; path = Timer.swift; sourceTree = "<group>"; };
		ABB1ED962208CCC200C5BE0E /* Coordinator.swift */ = {isa = PBXFileReference; lastKnownFileType = sourcecode.swift; path = Coordinator.swift; sourceTree = "<group>"; };
		ABB1ED982208CD5A00C5BE0E /* Storyboarded.swift */ = {isa = PBXFileReference; lastKnownFileType = sourcecode.swift; path = Storyboarded.swift; sourceTree = "<group>"; };
		ABB1ED9A2208D1E900C5BE0E /* MainCoordinator.swift */ = {isa = PBXFileReference; lastKnownFileType = sourcecode.swift; path = MainCoordinator.swift; sourceTree = "<group>"; };
		ABC304D322106CDF008F97FB /* SeekersViewController.swift */ = {isa = PBXFileReference; lastKnownFileType = sourcecode.swift; path = SeekersViewController.swift; sourceTree = "<group>"; };
		ABC304F622117AE9008F97FB /* HidersViewControlller.swift */ = {isa = PBXFileReference; fileEncoding = 4; lastKnownFileType = sourcecode.swift; path = HidersViewControlller.swift; sourceTree = "<group>"; };
		ABC304F82211854D008F97FB /* GameDate.swift */ = {isa = PBXFileReference; lastKnownFileType = sourcecode.swift; path = GameDate.swift; sourceTree = "<group>"; };
		ABC304FA22132B1E008F97FB /* CodeTrimmer.swift */ = {isa = PBXFileReference; lastKnownFileType = sourcecode.swift; path = CodeTrimmer.swift; sourceTree = "<group>"; };
		ABD000AD22086A360022AA41 /* HideAndSeek.app */ = {isa = PBXFileReference; explicitFileType = wrapper.application; includeInIndex = 0; path = HideAndSeek.app; sourceTree = BUILT_PRODUCTS_DIR; };
		ABD000B022086A360022AA41 /* AppDelegate.swift */ = {isa = PBXFileReference; lastKnownFileType = sourcecode.swift; path = AppDelegate.swift; sourceTree = "<group>"; };
		ABD000B222086A360022AA41 /* ViewController.swift */ = {isa = PBXFileReference; lastKnownFileType = sourcecode.swift; path = ViewController.swift; sourceTree = "<group>"; };
		ABD000B522086A360022AA41 /* Base */ = {isa = PBXFileReference; lastKnownFileType = file.storyboard; name = Base; path = Base.lproj/Main.storyboard; sourceTree = "<group>"; };
		ABD000B722086A390022AA41 /* Assets.xcassets */ = {isa = PBXFileReference; lastKnownFileType = folder.assetcatalog; path = Assets.xcassets; sourceTree = "<group>"; };
		ABD000BA22086A390022AA41 /* Base */ = {isa = PBXFileReference; lastKnownFileType = file.storyboard; name = Base; path = Base.lproj/LaunchScreen.storyboard; sourceTree = "<group>"; };
		ABD000BC22086A390022AA41 /* Info.plist */ = {isa = PBXFileReference; lastKnownFileType = text.plist.xml; path = Info.plist; sourceTree = "<group>"; };
		ABD000C222086D1B0022AA41 /* GoogleService-Info.plist */ = {isa = PBXFileReference; fileEncoding = 4; lastKnownFileType = text.plist.xml; path = "GoogleService-Info.plist"; sourceTree = SOURCE_ROOT; };
		ABF9A30B2219C8E700045592 /* LocationStorage.swift */ = {isa = PBXFileReference; lastKnownFileType = sourcecode.swift; path = LocationStorage.swift; sourceTree = "<group>"; };
		ABF9A30D2219C92400045592 /* Location.swift */ = {isa = PBXFileReference; lastKnownFileType = sourcecode.swift; path = Location.swift; sourceTree = "<group>"; };
		F107569CFA65F4A3B998F6C6 /* Pods-HideAndSeek.debug.xcconfig */ = {isa = PBXFileReference; includeInIndex = 1; lastKnownFileType = text.xcconfig; name = "Pods-HideAndSeek.debug.xcconfig"; path = "Pods/Target Support Files/Pods-HideAndSeek/Pods-HideAndSeek.debug.xcconfig"; sourceTree = "<group>"; };
/* End PBXFileReference section */

/* Begin PBXFrameworksBuildPhase section */
		ABD000AA22086A360022AA41 /* Frameworks */ = {
			isa = PBXFrameworksBuildPhase;
			buildActionMask = 2147483647;
			files = (
				82E5412A902FE4179EFB8C93 /* Pods_HideAndSeek.framework in Frameworks */,
			);
			runOnlyForDeploymentPostprocessing = 0;
		};
/* End PBXFrameworksBuildPhase section */

/* Begin PBXGroup section */
		ABD000A422086A360022AA41 = {
			isa = PBXGroup;
			children = (
				ABD000AF22086A360022AA41 /* HideAndSeek */,
				ABD000AE22086A360022AA41 /* Products */,
				CD90B899861043A25B476A01 /* Pods */,
				C74699F8B8F4EFED1442D47F /* Frameworks */,
			);
			sourceTree = "<group>";
		};
		ABD000AE22086A360022AA41 /* Products */ = {
			isa = PBXGroup;
			children = (
				ABD000AD22086A360022AA41 /* HideAndSeek.app */,
			);
			name = Products;
			sourceTree = "<group>";
		};
		ABD000AF22086A360022AA41 /* HideAndSeek */ = {
			isa = PBXGroup;
			children = (
				ABD000B022086A360022AA41 /* AppDelegate.swift */,
				AB3E57F4220BF153002C3C4A /* FireDatabaseModel.swift */,
				AB3E57EC220A2B64002C3C4A /* FireBaseAuthDelegate.swift */,
				AB3E57F6220CC51A002C3C4A /* Player.swift */,
				AB3E57F2220B39D4002C3C4A /* Errors.swift */,
				ABB1ED962208CCC200C5BE0E /* Coordinator.swift */,
				ABB1ED982208CD5A00C5BE0E /* Storyboarded.swift */,
				AB3E57FA220D7899002C3C4A /* Timer.swift */,
				ABC304FA22132B1E008F97FB /* CodeTrimmer.swift */,
				ABC304F82211854D008F97FB /* GameDate.swift */,
				ABB1ED9A2208D1E900C5BE0E /* MainCoordinator.swift */,
				ABD000B222086A360022AA41 /* ViewController.swift */,
				AB3E57EA2208E4CE002C3C4A /* ChooseViewController.swift */,
				AB3E57EE220B2C8B002C3C4A /* InvitePlayersViewColler.swift */,
				AB3E57F0220B33E8002C3C4A /* TypeCodeViewController.swift */,
				AB3E57F8220D74B2002C3C4A /* TimerViewController.swift */,
				ABC304D322106CDF008F97FB /* SeekersViewController.swift */,
				ABC304F622117AE9008F97FB /* HidersViewControlller.swift */,
				ABD000B422086A360022AA41 /* Main.storyboard */,
				ABF9A30D2219C92400045592 /* Location.swift */,
				ABF9A30B2219C8E700045592 /* LocationStorage.swift */,
				ABD000B722086A390022AA41 /* Assets.xcassets */,
				ABD000B922086A390022AA41 /* LaunchScreen.storyboard */,
				ABD000C222086D1B0022AA41 /* GoogleService-Info.plist */,
				ABD000BC22086A390022AA41 /* Info.plist */,
			);
			path = HideAndSeek;
			sourceTree = "<group>";
		};
		C74699F8B8F4EFED1442D47F /* Frameworks */ = {
			isa = PBXGroup;
			children = (
				02F9DCB09D7D5C91F43AE091 /* Pods_HideAndSeek.framework */,
			);
			name = Frameworks;
			sourceTree = "<group>";
		};
		CD90B899861043A25B476A01 /* Pods */ = {
			isa = PBXGroup;
			children = (
				F107569CFA65F4A3B998F6C6 /* Pods-HideAndSeek.debug.xcconfig */,
				9CECEC06EB2AEAD6AE578714 /* Pods-HideAndSeek.release.xcconfig */,
			);
			name = Pods;
			sourceTree = "<group>";
		};
/* End PBXGroup section */

/* Begin PBXNativeTarget section */
		ABD000AC22086A360022AA41 /* HideAndSeek */ = {
			isa = PBXNativeTarget;
			buildConfigurationList = ABD000BF22086A390022AA41 /* Build configuration list for PBXNativeTarget "HideAndSeek" */;
			buildPhases = (
				3244079B522D392C10C9A1C7 /* [CP] Check Pods Manifest.lock */,
				ABD000A922086A360022AA41 /* Sources */,
				ABD000AA22086A360022AA41 /* Frameworks */,
				ABD000AB22086A360022AA41 /* Resources */,
				413397C6B45B3962C0B18227 /* [CP] Embed Pods Frameworks */,
				D5379F0E036294E9D67EF753 /* [CP] Copy Pods Resources */,
			);
			buildRules = (
			);
			dependencies = (
			);
			name = HideAndSeek;
			productName = HideAndSeek;
			productReference = ABD000AD22086A360022AA41 /* HideAndSeek.app */;
			productType = "com.apple.product-type.application";
		};
/* End PBXNativeTarget section */

/* Begin PBXProject section */
		ABD000A522086A360022AA41 /* Project object */ = {
			isa = PBXProject;
			attributes = {
				LastSwiftUpdateCheck = 1010;
				LastUpgradeCheck = 1010;
				ORGANIZATIONNAME = Jonathan;
				TargetAttributes = {
					ABD000AC22086A360022AA41 = {
						CreatedOnToolsVersion = 10.1;
					};
				};
			};
			buildConfigurationList = ABD000A822086A360022AA41 /* Build configuration list for PBXProject "HideAndSeek" */;
			compatibilityVersion = "Xcode 9.3";
			developmentRegion = en;
			hasScannedForEncodings = 0;
			knownRegions = (
				en,
				Base,
			);
			mainGroup = ABD000A422086A360022AA41;
			productRefGroup = ABD000AE22086A360022AA41 /* Products */;
			projectDirPath = "";
			projectRoot = "";
			targets = (
				ABD000AC22086A360022AA41 /* HideAndSeek */,
			);
		};
/* End PBXProject section */

/* Begin PBXResourcesBuildPhase section */
		ABD000AB22086A360022AA41 /* Resources */ = {
			isa = PBXResourcesBuildPhase;
			buildActionMask = 2147483647;
			files = (
				ABD000BB22086A390022AA41 /* LaunchScreen.storyboard in Resources */,
				ABD000C322086D1B0022AA41 /* GoogleService-Info.plist in Resources */,
				ABD000B822086A390022AA41 /* Assets.xcassets in Resources */,
				ABD000B622086A360022AA41 /* Main.storyboard in Resources */,
			);
			runOnlyForDeploymentPostprocessing = 0;
		};
/* End PBXResourcesBuildPhase section */

/* Begin PBXShellScriptBuildPhase section */
		3244079B522D392C10C9A1C7 /* [CP] Check Pods Manifest.lock */ = {
			isa = PBXShellScriptBuildPhase;
			buildActionMask = 2147483647;
			files = (
			);
			inputPaths = (
				"${PODS_PODFILE_DIR_PATH}/Podfile.lock",
				"${PODS_ROOT}/Manifest.lock",
			);
			name = "[CP] Check Pods Manifest.lock";
			outputPaths = (
				"$(DERIVED_FILE_DIR)/Pods-HideAndSeek-checkManifestLockResult.txt",
			);
			runOnlyForDeploymentPostprocessing = 0;
			shellPath = /bin/sh;
			shellScript = "diff \"${PODS_PODFILE_DIR_PATH}/Podfile.lock\" \"${PODS_ROOT}/Manifest.lock\" > /dev/null\nif [ $? != 0 ] ; then\n    # print error to STDERR\n    echo \"error: The sandbox is not in sync with the Podfile.lock. Run 'pod install' or update your CocoaPods installation.\" >&2\n    exit 1\nfi\n# This output is used by Xcode 'outputs' to avoid re-running this script phase.\necho \"SUCCESS\" > \"${SCRIPT_OUTPUT_FILE_0}\"\n";
			showEnvVarsInLog = 0;
		};
		413397C6B45B3962C0B18227 /* [CP] Embed Pods Frameworks */ = {
			isa = PBXShellScriptBuildPhase;
			buildActionMask = 2147483647;
			files = (
			);
			inputPaths = (
				"${SRCROOT}/Pods/Target Support Files/Pods-HideAndSeek/Pods-HideAndSeek-frameworks.sh",
				"${BUILT_PRODUCTS_DIR}/GTMSessionFetcher/GTMSessionFetcher.framework",
				"${BUILT_PRODUCTS_DIR}/GoogleToolboxForMac/GoogleToolboxForMac.framework",
				"${BUILT_PRODUCTS_DIR}/leveldb-library/leveldb.framework",
				"${BUILT_PRODUCTS_DIR}/nanopb/nanopb.framework",
			);
			name = "[CP] Embed Pods Frameworks";
			outputPaths = (
				"${TARGET_BUILD_DIR}/${FRAMEWORKS_FOLDER_PATH}/GTMSessionFetcher.framework",
				"${TARGET_BUILD_DIR}/${FRAMEWORKS_FOLDER_PATH}/GoogleToolboxForMac.framework",
				"${TARGET_BUILD_DIR}/${FRAMEWORKS_FOLDER_PATH}/leveldb.framework",
				"${TARGET_BUILD_DIR}/${FRAMEWORKS_FOLDER_PATH}/nanopb.framework",
			);
			runOnlyForDeploymentPostprocessing = 0;
			shellPath = /bin/sh;
			shellScript = "\"${SRCROOT}/Pods/Target Support Files/Pods-HideAndSeek/Pods-HideAndSeek-frameworks.sh\"\n";
			showEnvVarsInLog = 0;
		};
		D5379F0E036294E9D67EF753 /* [CP] Copy Pods Resources */ = {
			isa = PBXShellScriptBuildPhase;
			buildActionMask = 2147483647;
			files = (
			);
			inputPaths = (
				"${SRCROOT}/Pods/Target Support Files/Pods-HideAndSeek/Pods-HideAndSeek-resources.sh",
				"${PODS_CONFIGURATION_BUILD_DIR}/FirebaseUI/FirebaseAuthUI.bundle",
			);
			name = "[CP] Copy Pods Resources";
			outputPaths = (
				"${TARGET_BUILD_DIR}/${UNLOCALIZED_RESOURCES_FOLDER_PATH}/FirebaseAuthUI.bundle",
			);
			runOnlyForDeploymentPostprocessing = 0;
			shellPath = /bin/sh;
			shellScript = "\"${SRCROOT}/Pods/Target Support Files/Pods-HideAndSeek/Pods-HideAndSeek-resources.sh\"\n";
			showEnvVarsInLog = 0;
		};
/* End PBXShellScriptBuildPhase section */

/* Begin PBXSourcesBuildPhase section */
		ABD000A922086A360022AA41 /* Sources */ = {
			isa = PBXSourcesBuildPhase;
			buildActionMask = 2147483647;
			files = (
				ABC304F92211854D008F97FB /* GameDate.swift in Sources */,
				AB3E57EB2208E4CE002C3C4A /* ChooseViewController.swift in Sources */,
				ABF9A30E2219C92400045592 /* Location.swift in Sources */,
				ABD000B322086A360022AA41 /* ViewController.swift in Sources */,
				AB3E57F1220B33E8002C3C4A /* TypeCodeViewController.swift in Sources */,
				ABC304D422106CDF008F97FB /* SeekersViewController.swift in Sources */,
				ABD000B122086A360022AA41 /* AppDelegate.swift in Sources */,
				AB3E57F7220CC51A002C3C4A /* Player.swift in Sources */,
				ABB1ED972208CCC200C5BE0E /* Coordinator.swift in Sources */,
				AB3E57F5220BF153002C3C4A /* FireDatabaseModel.swift in Sources */,
				ABC304FB22132B1E008F97FB /* CodeTrimmer.swift in Sources */,
				ABB1ED9B2208D1E900C5BE0E /* MainCoordinator.swift in Sources */,
				AB3E57F3220B39D4002C3C4A /* Errors.swift in Sources */,
				AB3E57FB220D7899002C3C4A /* Timer.swift in Sources */,
				ABF9A30C2219C8E700045592 /* LocationStorage.swift in Sources */,
				AB3E57EF220B2C8B002C3C4A /* InvitePlayersViewColler.swift in Sources */,
				AB3E57F9220D74B2002C3C4A /* TimerViewController.swift in Sources */,
				ABC304F722117AE9008F97FB /* HidersViewControlller.swift in Sources */,
				AB3E57ED220A2B64002C3C4A /* FireBaseAuthDelegate.swift in Sources */,
				ABB1ED992208CD5A00C5BE0E /* Storyboarded.swift in Sources */,
			);
			runOnlyForDeploymentPostprocessing = 0;
		};
/* End PBXSourcesBuildPhase section */

/* Begin PBXVariantGroup section */
		ABD000B422086A360022AA41 /* Main.storyboard */ = {
			isa = PBXVariantGroup;
			children = (
				ABD000B522086A360022AA41 /* Base */,
			);
			name = Main.storyboard;
			sourceTree = "<group>";
		};
		ABD000B922086A390022AA41 /* LaunchScreen.storyboard */ = {
			isa = PBXVariantGroup;
			children = (
				ABD000BA22086A390022AA41 /* Base */,
			);
			name = LaunchScreen.storyboard;
			sourceTree = "<group>";
		};
/* End PBXVariantGroup section */

/* Begin XCBuildConfiguration section */
		ABD000BD22086A390022AA41 /* Debug */ = {
			isa = XCBuildConfiguration;
			buildSettings = {
				ALWAYS_SEARCH_USER_PATHS = NO;
				CLANG_ANALYZER_NONNULL = YES;
				CLANG_ANALYZER_NUMBER_OBJECT_CONVERSION = YES_AGGRESSIVE;
				CLANG_CXX_LANGUAGE_STANDARD = "gnu++14";
				CLANG_CXX_LIBRARY = "libc++";
				CLANG_ENABLE_MODULES = YES;
				CLANG_ENABLE_OBJC_ARC = YES;
				CLANG_ENABLE_OBJC_WEAK = YES;
				CLANG_WARN_BLOCK_CAPTURE_AUTORELEASING = YES;
				CLANG_WARN_BOOL_CONVERSION = YES;
				CLANG_WARN_COMMA = YES;
				CLANG_WARN_CONSTANT_CONVERSION = YES;
				CLANG_WARN_DEPRECATED_OBJC_IMPLEMENTATIONS = YES;
				CLANG_WARN_DIRECT_OBJC_ISA_USAGE = YES_ERROR;
				CLANG_WARN_DOCUMENTATION_COMMENTS = YES;
				CLANG_WARN_EMPTY_BODY = YES;
				CLANG_WARN_ENUM_CONVERSION = YES;
				CLANG_WARN_INFINITE_RECURSION = YES;
				CLANG_WARN_INT_CONVERSION = YES;
				CLANG_WARN_NON_LITERAL_NULL_CONVERSION = YES;
				CLANG_WARN_OBJC_IMPLICIT_RETAIN_SELF = YES;
				CLANG_WARN_OBJC_LITERAL_CONVERSION = YES;
				CLANG_WARN_OBJC_ROOT_CLASS = YES_ERROR;
				CLANG_WARN_RANGE_LOOP_ANALYSIS = YES;
				CLANG_WARN_STRICT_PROTOTYPES = YES;
				CLANG_WARN_SUSPICIOUS_MOVE = YES;
				CLANG_WARN_UNGUARDED_AVAILABILITY = YES_AGGRESSIVE;
				CLANG_WARN_UNREACHABLE_CODE = YES;
				CLANG_WARN__DUPLICATE_METHOD_MATCH = YES;
				CODE_SIGN_IDENTITY = "iPhone Developer";
				COPY_PHASE_STRIP = NO;
				DEBUG_INFORMATION_FORMAT = dwarf;
				ENABLE_STRICT_OBJC_MSGSEND = YES;
				ENABLE_TESTABILITY = YES;
				GCC_C_LANGUAGE_STANDARD = gnu11;
				GCC_DYNAMIC_NO_PIC = NO;
				GCC_NO_COMMON_BLOCKS = YES;
				GCC_OPTIMIZATION_LEVEL = 0;
				GCC_PREPROCESSOR_DEFINITIONS = (
					"DEBUG=1",
					"$(inherited)",
				);
				GCC_WARN_64_TO_32_BIT_CONVERSION = YES;
				GCC_WARN_ABOUT_RETURN_TYPE = YES_ERROR;
				GCC_WARN_UNDECLARED_SELECTOR = YES;
				GCC_WARN_UNINITIALIZED_AUTOS = YES_AGGRESSIVE;
				GCC_WARN_UNUSED_FUNCTION = YES;
				GCC_WARN_UNUSED_VARIABLE = YES;
				IPHONEOS_DEPLOYMENT_TARGET = 12.1;
				MTL_ENABLE_DEBUG_INFO = INCLUDE_SOURCE;
				MTL_FAST_MATH = YES;
				ONLY_ACTIVE_ARCH = YES;
				SDKROOT = iphoneos;
				SWIFT_ACTIVE_COMPILATION_CONDITIONS = DEBUG;
				SWIFT_OPTIMIZATION_LEVEL = "-Onone";
			};
			name = Debug;
		};
		ABD000BE22086A390022AA41 /* Release */ = {
			isa = XCBuildConfiguration;
			buildSettings = {
				ALWAYS_SEARCH_USER_PATHS = NO;
				CLANG_ANALYZER_NONNULL = YES;
				CLANG_ANALYZER_NUMBER_OBJECT_CONVERSION = YES_AGGRESSIVE;
				CLANG_CXX_LANGUAGE_STANDARD = "gnu++14";
				CLANG_CXX_LIBRARY = "libc++";
				CLANG_ENABLE_MODULES = YES;
				CLANG_ENABLE_OBJC_ARC = YES;
				CLANG_ENABLE_OBJC_WEAK = YES;
				CLANG_WARN_BLOCK_CAPTURE_AUTORELEASING = YES;
				CLANG_WARN_BOOL_CONVERSION = YES;
				CLANG_WARN_COMMA = YES;
				CLANG_WARN_CONSTANT_CONVERSION = YES;
				CLANG_WARN_DEPRECATED_OBJC_IMPLEMENTATIONS = YES;
				CLANG_WARN_DIRECT_OBJC_ISA_USAGE = YES_ERROR;
				CLANG_WARN_DOCUMENTATION_COMMENTS = YES;
				CLANG_WARN_EMPTY_BODY = YES;
				CLANG_WARN_ENUM_CONVERSION = YES;
				CLANG_WARN_INFINITE_RECURSION = YES;
				CLANG_WARN_INT_CONVERSION = YES;
				CLANG_WARN_NON_LITERAL_NULL_CONVERSION = YES;
				CLANG_WARN_OBJC_IMPLICIT_RETAIN_SELF = YES;
				CLANG_WARN_OBJC_LITERAL_CONVERSION = YES;
				CLANG_WARN_OBJC_ROOT_CLASS = YES_ERROR;
				CLANG_WARN_RANGE_LOOP_ANALYSIS = YES;
				CLANG_WARN_STRICT_PROTOTYPES = YES;
				CLANG_WARN_SUSPICIOUS_MOVE = YES;
				CLANG_WARN_UNGUARDED_AVAILABILITY = YES_AGGRESSIVE;
				CLANG_WARN_UNREACHABLE_CODE = YES;
				CLANG_WARN__DUPLICATE_METHOD_MATCH = YES;
				CODE_SIGN_IDENTITY = "iPhone Developer";
				COPY_PHASE_STRIP = NO;
				DEBUG_INFORMATION_FORMAT = "dwarf-with-dsym";
				ENABLE_NS_ASSERTIONS = NO;
				ENABLE_STRICT_OBJC_MSGSEND = YES;
				GCC_C_LANGUAGE_STANDARD = gnu11;
				GCC_NO_COMMON_BLOCKS = YES;
				GCC_WARN_64_TO_32_BIT_CONVERSION = YES;
				GCC_WARN_ABOUT_RETURN_TYPE = YES_ERROR;
				GCC_WARN_UNDECLARED_SELECTOR = YES;
				GCC_WARN_UNINITIALIZED_AUTOS = YES_AGGRESSIVE;
				GCC_WARN_UNUSED_FUNCTION = YES;
				GCC_WARN_UNUSED_VARIABLE = YES;
				IPHONEOS_DEPLOYMENT_TARGET = 12.1;
				MTL_ENABLE_DEBUG_INFO = NO;
				MTL_FAST_MATH = YES;
				SDKROOT = iphoneos;
				SWIFT_COMPILATION_MODE = wholemodule;
				SWIFT_OPTIMIZATION_LEVEL = "-O";
				VALIDATE_PRODUCT = YES;
			};
			name = Release;
		};
		ABD000C022086A390022AA41 /* Debug */ = {
			isa = XCBuildConfiguration;
			baseConfigurationReference = F107569CFA65F4A3B998F6C6 /* Pods-HideAndSeek.debug.xcconfig */;
			buildSettings = {
				ASSETCATALOG_COMPILER_APPICON_NAME = AppIcon;
				CODE_SIGN_STYLE = Automatic;
				DEVELOPMENT_TEAM = ZC3BXXKS8N;
				ENABLE_BITCODE = NO;
				INFOPLIST_FILE = HideAndSeek/Info.plist;
				LD_RUNPATH_SEARCH_PATHS = (
					"$(inherited)",
					"@executable_path/Frameworks",
				);
				PRODUCT_BUNDLE_IDENTIFIER = jay.HideAndSeek;
				PRODUCT_NAME = "$(TARGET_NAME)";
				SWIFT_VERSION = 4.2;
				TARGETED_DEVICE_FAMILY = "1,2";
			};
			name = Debug;
		};
		ABD000C122086A390022AA41 /* Release */ = {
			isa = XCBuildConfiguration;
			baseConfigurationReference = 9CECEC06EB2AEAD6AE578714 /* Pods-HideAndSeek.release.xcconfig */;
			buildSettings = {
				ASSETCATALOG_COMPILER_APPICON_NAME = AppIcon;
				CODE_SIGN_STYLE = Automatic;
				DEVELOPMENT_TEAM = ZC3BXXKS8N;
				ENABLE_BITCODE = NO;
				INFOPLIST_FILE = HideAndSeek/Info.plist;
				LD_RUNPATH_SEARCH_PATHS = (
					"$(inherited)",
					"@executable_path/Frameworks",
				);
				PRODUCT_BUNDLE_IDENTIFIER = jay.HideAndSeek;
				PRODUCT_NAME = "$(TARGET_NAME)";
				SWIFT_VERSION = 4.2;
				TARGETED_DEVICE_FAMILY = "1,2";
			};
			name = Release;
		};
/* End XCBuildConfiguration section */

/* Begin XCConfigurationList section */
		ABD000A822086A360022AA41 /* Build configuration list for PBXProject "HideAndSeek" */ = {
			isa = XCConfigurationList;
			buildConfigurations = (
				ABD000BD22086A390022AA41 /* Debug */,
				ABD000BE22086A390022AA41 /* Release */,
			);
			defaultConfigurationIsVisible = 0;
			defaultConfigurationName = Release;
		};
		ABD000BF22086A390022AA41 /* Build configuration list for PBXNativeTarget "HideAndSeek" */ = {
			isa = XCConfigurationList;
			buildConfigurations = (
				ABD000C022086A390022AA41 /* Debug */,
				ABD000C122086A390022AA41 /* Release */,
			);
			defaultConfigurationIsVisible = 0;
			defaultConfigurationName = Release;
		};
/* End XCConfigurationList section */
	};
	rootObject = ABD000A522086A360022AA41 /* Project object */;
}
